
Microsoft Visual Studio Solution File, Format Version 12.00
# Visual Studio Version 17
VisualStudioVersion = 17.9.34728.123
MinimumVisualStudioVersion = 10.0.40219.1
Project("{FAE04EC0-301F-11D3-BF4B-00C04F79EFBC}") = "Program5", "Program5\Program5.csproj", "{9EFD9759-F56B-49E2-9FC1-7119B5458CF4}"
EndProject
Global
	GlobalSection(SolutionConfigurationPlatforms) = preSolution
		Debug|Any CPU = Debug|Any CPU
		Release|Any CPU = Release|Any CPU
	EndGlobalSection
	GlobalSection(ProjectConfigurationPlatforms) = postSolution
		{9EFD9759-F56B-49E2-9FC1-7119B5458CF4}.Debug|Any CPU.ActiveCfg = Debug|Any CPU
		{9EFD9759-F56B-49E2-9FC1-7119B5458CF4}.Debug|Any CPU.Build.0 = Debug|Any CPU
		{9EFD9759-F56B-49E2-9FC1-7119B5458CF4}.Release|Any CPU.ActiveCfg = Release|Any CPU
		{9EFD9759-F56B-49E2-9FC1-7119B5458CF4}.Release|Any CPU.Build.0 = Release|Any CPU
	EndGlobalSection
	GlobalSection(SolutionProperties) = preSolution
		HideSolutionNode = FALSE
	EndGlobalSection
	GlobalSection(ExtensibilityGlobals) = postSolution
		SolutionGuid = {6F054FAE-6526-4070-A249-E31CC03322AC}
	EndGlobalSection
EndGlobal
